
Microsoft Visual Studio Solution File, Format Version 12.00
# Visual Studio Version 17
VisualStudioVersion = 17.8.34322.80
MinimumVisualStudioVersion = 10.0.40219.1
Project("{FAE04EC0-301F-11D3-BF4B-00C04F79EFBC}") = "rcorralesS5", "rcorralesS5.csproj", "{376F43E8-BD36-4D62-925E-8A03E438CB8C}"
EndProject
Global
	GlobalSection(SolutionConfigurationPlatforms) = preSolution
		Debug|Any CPU = Debug|Any CPU
		Release|Any CPU = Release|Any CPU
	EndGlobalSection
	GlobalSection(ProjectConfigurationPlatforms) = postSolution
		{376F43E8-BD36-4D62-925E-8A03E438CB8C}.Debug|Any CPU.ActiveCfg = Debug|Any CPU
		{376F43E8-BD36-4D62-925E-8A03E438CB8C}.Debug|Any CPU.Build.0 = Debug|Any CPU
		{376F43E8-BD36-4D62-925E-8A03E438CB8C}.Debug|Any CPU.Deploy.0 = Debug|Any CPU
		{376F43E8-BD36-4D62-925E-8A03E438CB8C}.Release|Any CPU.ActiveCfg = Release|Any CPU
		{376F43E8-BD36-4D62-925E-8A03E438CB8C}.Release|Any CPU.Build.0 = Release|Any CPU
		{376F43E8-BD36-4D62-925E-8A03E438CB8C}.Release|Any CPU.Deploy.0 = Release|Any CPU
	EndGlobalSection
	GlobalSection(SolutionProperties) = preSolution
		HideSolutionNode = FALSE
	EndGlobalSection
	GlobalSection(ExtensibilityGlobals) = postSolution
		SolutionGuid = {11DE9E07-7102-455D-8537-A04CB507BB1D}
	EndGlobalSection
EndGlobal
